
Microsoft Visual Studio Solution File, Format Version 12.00
# Visual Studio Version 17
VisualStudioVersion = 17.12.35707.178
MinimumVisualStudioVersion = 10.0.40219.1
Project("{FAE04EC0-301F-11D3-BF4B-00C04F79EFBC}") = "ImportExportAvailableAlarmFilters", "ImportExportAvailableAlarmFilters\ImportExportAvailableAlarmFilters.csproj", "{46420CC5-6FC6-4B44-B3F8-147DE3E19A7E}"
EndProject
Project("{2150E333-8FDC-42A3-9474-1A3956D46DE8}") = "Internal", "Internal", "{C72CDFE1-C1D3-4FDA-BD5D-B4288C859F3F}"
EndProject
Project("{2150E333-8FDC-42A3-9474-1A3956D46DE8}") = "Code Analysis", "Code Analysis", "{A2D59655-2443-4FE5-910E-0A4AD948F1DC}"
	ProjectSection(SolutionItems) = preProject
		Internal\Code Analysis\qaction-debug.ruleset = Internal\Code Analysis\qaction-debug.ruleset
		Internal\Code Analysis\qaction-release.ruleset = Internal\Code Analysis\qaction-release.ruleset
		Internal\Code Analysis\stylecop.json = Internal\Code Analysis\stylecop.json
	EndProjectSection
EndProject
Project("{FAE04EC0-301F-11D3-BF4B-00C04F79EFBC}") = "ExportAvailableAlarmFilters", "ExportAvailableAlarmFilters\ExportAvailableAlarmFilters.csproj", "{617DC9BC-2DB9-4E06-AD54-AED369048667}"
EndProject
Project("{D954291E-2A0B-460D-934E-DC6B0785DB48}") = "SharedCode", "SharedCode\SharedCode.shproj", "{FCAD98E5-E711-49C2-AA9D-E342E4797D5E}"
EndProject
Project("{FAE04EC0-301F-11D3-BF4B-00C04F79EFBC}") = "ExportAvailableAlarmFiltersTests", "ExportAvailableAlarmFiltersTests\ExportAvailableAlarmFiltersTests.csproj", "{092932F2-7EDF-4012-B6EC-9CED946D33A0}"
EndProject
Project("{FAE04EC0-301F-11D3-BF4B-00C04F79EFBC}") = "ImportAvailableAlarmFilters", "ImportAvailableAlarmFilters\ImportAvailableAlarmFilters.csproj", "{0112924B-A125-423C-8CAE-CC60B2539D0F}"
EndProject
Project("{FAE04EC0-301F-11D3-BF4B-00C04F79EFBC}") = "ImportAvailableAlarmFiltersTests", "ImportAvailableAlarmFiltersTests\ImportAvailableAlarmFiltersTests.csproj", "{61D30D70-7119-4B37-9AC4-587A5F559AC2}"
EndProject
Global
	GlobalSection(SolutionConfigurationPlatforms) = preSolution
		Debug|Any CPU = Debug|Any CPU
		Release|Any CPU = Release|Any CPU
	EndGlobalSection
	GlobalSection(ProjectConfigurationPlatforms) = postSolution
		{46420CC5-6FC6-4B44-B3F8-147DE3E19A7E}.Debug|Any CPU.ActiveCfg = Debug|Any CPU
		{46420CC5-6FC6-4B44-B3F8-147DE3E19A7E}.Debug|Any CPU.Build.0 = Debug|Any CPU
		{46420CC5-6FC6-4B44-B3F8-147DE3E19A7E}.Release|Any CPU.ActiveCfg = Release|Any CPU
		{46420CC5-6FC6-4B44-B3F8-147DE3E19A7E}.Release|Any CPU.Build.0 = Release|Any CPU
		{617DC9BC-2DB9-4E06-AD54-AED369048667}.Debug|Any CPU.ActiveCfg = Debug|Any CPU
		{617DC9BC-2DB9-4E06-AD54-AED369048667}.Debug|Any CPU.Build.0 = Debug|Any CPU
		{617DC9BC-2DB9-4E06-AD54-AED369048667}.Release|Any CPU.ActiveCfg = Release|Any CPU
		{617DC9BC-2DB9-4E06-AD54-AED369048667}.Release|Any CPU.Build.0 = Release|Any CPU
		{092932F2-7EDF-4012-B6EC-9CED946D33A0}.Debug|Any CPU.ActiveCfg = Debug|Any CPU
		{092932F2-7EDF-4012-B6EC-9CED946D33A0}.Debug|Any CPU.Build.0 = Debug|Any CPU
		{092932F2-7EDF-4012-B6EC-9CED946D33A0}.Release|Any CPU.ActiveCfg = Release|Any CPU
		{092932F2-7EDF-4012-B6EC-9CED946D33A0}.Release|Any CPU.Build.0 = Release|Any CPU
		{0112924B-A125-423C-8CAE-CC60B2539D0F}.Debug|Any CPU.ActiveCfg = Debug|Any CPU
		{0112924B-A125-423C-8CAE-CC60B2539D0F}.Debug|Any CPU.Build.0 = Debug|Any CPU
		{0112924B-A125-423C-8CAE-CC60B2539D0F}.Release|Any CPU.ActiveCfg = Release|Any CPU
		{0112924B-A125-423C-8CAE-CC60B2539D0F}.Release|Any CPU.Build.0 = Release|Any CPU
		{61D30D70-7119-4B37-9AC4-587A5F559AC2}.Debug|Any CPU.ActiveCfg = Debug|Any CPU
		{61D30D70-7119-4B37-9AC4-587A5F559AC2}.Debug|Any CPU.Build.0 = Debug|Any CPU
		{61D30D70-7119-4B37-9AC4-587A5F559AC2}.Release|Any CPU.ActiveCfg = Release|Any CPU
		{61D30D70-7119-4B37-9AC4-587A5F559AC2}.Release|Any CPU.Build.0 = Release|Any CPU
	EndGlobalSection
	GlobalSection(SolutionProperties) = preSolution
		HideSolutionNode = FALSE
	EndGlobalSection
	GlobalSection(NestedProjects) = preSolution
		{A2D59655-2443-4FE5-910E-0A4AD948F1DC} = {C72CDFE1-C1D3-4FDA-BD5D-B4288C859F3F}
	EndGlobalSection
	GlobalSection(SharedMSBuildProjectFiles) = preSolution
		SharedCode\SharedCode.projitems*{0112924b-a125-423c-8cae-cc60b2539d0f}*SharedItemsImports = 5
		SharedCode\SharedCode.projitems*{617dc9bc-2db9-4e06-ad54-aed369048667}*SharedItemsImports = 5
		SharedCode\SharedCode.projitems*{fcad98e5-e711-49c2-aa9d-e342e4797d5e}*SharedItemsImports = 13
	EndGlobalSection
EndGlobal
